# This file is automatically @generated by Cargo.
# It is not intended for manual editing.
version = 4

[[package]]
name = "cli-host"
version = "0.0.0"
dependencies = [
 "hematite-abi",
 "sync-io-core",
]

[[package]]
name = "hematite-abi"
version = "0.0.0"

[[package]]
name = "run-driver"
version = "0.0.0"
dependencies = [
 "hematite-abi",
]

[[package]]
name = "sync-io"
version = "0.0.0"
dependencies = [
 "hematite-abi",
 "sync-io-core",
]

[[package]]
name = "sync-io-core"
version = "0.0.0"
dependencies = [
 "hematite-abi",
]
