# This file is automatically @generated by Cargo.
# It is not intended for manual editing.
version = 4

[[package]]
name = "audit"
version = "0.0.0"
dependencies = [
 "hematite-abi",
]

[[package]]
name = "capstdfs"
version = "0.0.0"
dependencies = [
 "hematite-abi",
]

[[package]]
name = "cli"
version = "0.0.0"
dependencies = [
 "hematite-abi",
]

[[package]]
name = "env"
version = "0.0.0"
dependencies = [
 "hematite-abi",
]

[[package]]
name = "hematite-abi"
version = "0.0.0"

[[package]]
name = "stdio"
version = "0.0.0"
dependencies = [
 "hematite-abi",
]
