# This file is automatically @generated by Cargo.
# It is not intended for manual editing.
version = 4

[[package]]
name = "cr-drv"
version = "0.0.0"
dependencies = [
 "hematite-abi",
]

[[package]]
name = "cr-svc"
version = "0.0.0"
dependencies = [
 "hematite-abi",
]

[[package]]
name = "hematite-abi"
version = "0.0.0"
