# This file is automatically @generated by Cargo.
# It is not intended for manual editing.
version = 4

[[package]]
name = "hematite-abi"
version = "0.0.0"

[[package]]
name = "imview"
version = "0.0.0"
dependencies = [
 "hematite-abi",
]

[[package]]
name = "svc-echo"
version = "0.0.0"
dependencies = [
 "hematite-abi",
]

[[package]]
name = "svc-tick"
version = "0.0.0"
dependencies = [
 "hematite-abi",
]
