# This file is automatically @generated by Cargo.
# It is not intended for manual editing.
version = 4

[[package]]
name = "cell"
version = "0.0.0"
dependencies = [
 "hematite-abi",
]

[[package]]
name = "cli-host"
version = "0.0.0"
dependencies = [
 "hematite-abi",
 "sync-io-core",
]

[[package]]
name = "fs-core"
version = "0.0.0"
dependencies = [
 "hematite-abi",
 "paste",
 "sync-io-core",
]

[[package]]
name = "fs-unconfined"
version = "0.0.0"
dependencies = [
 "fs-core",
 "hematite-abi",
 "sync-io-core",
]

[[package]]
name = "hematite-abi"
version = "0.0.0"

[[package]]
name = "main-driver"
version = "0.0.0"
dependencies = [
 "hematite-abi",
]

[[package]]
name = "paste"
version = "1.0.15"
source = "registry+https://github.com/rust-lang/crates.io-index"
checksum = "57c0d7b74b563b49d38dae00a0c37d4d6de9b432382b2892f0574ddcae73fd0a"

[[package]]
name = "sync-io"
version = "0.0.0"
dependencies = [
 "hematite-abi",
 "sync-io-core",
]

[[package]]
name = "sync-io-core"
version = "0.0.0"
dependencies = [
 "hematite-abi",
]
